// !$*UTF8*$!
{
	archiveVersion = 1;
	classes = {
	};
	objectVersion = 46;
	objects = {

/* Begin PBXBuildFile section */
		AA9E3F751E163CB600B743B0 /* QOTDViewController.swift in Sources */ = {isa = PBXBuildFile; fileRef = AA9E3F741E163CB600B743B0 /* QOTDViewController.swift */; };
		AAD44CD41E15D620006501DB /* AppDelegate.swift in Sources */ = {isa = PBXBuildFile; fileRef = AAD44CD31E15D620006501DB /* AppDelegate.swift */; };
		AAD44CD91E15D620006501DB /* Main.storyboard in Resources */ = {isa = PBXBuildFile; fileRef = AAD44CD71E15D620006501DB /* Main.storyboard */; };
		AAD44CDB1E15D620006501DB /* Assets.xcassets in Resources */ = {isa = PBXBuildFile; fileRef = AAD44CDA1E15D620006501DB /* Assets.xcassets */; };
		AAD44CDE1E15D620006501DB /* LaunchScreen.storyboard in Resources */ = {isa = PBXBuildFile; fileRef = AAD44CDC1E15D620006501DB /* LaunchScreen.storyboard */; };
		AAD44CE61E15D72A006501DB /* Quote.swift in Sources */ = {isa = PBXBuildFile; fileRef = AAD44CE51E15D72A006501DB /* Quote.swift */; };
		AAD44CEA1E15E1BD006501DB /* QuotesTableViewController.swift in Sources */ = {isa = PBXBuildFile; fileRef = AAD44CE91E15E1BD006501DB /* QuotesTableViewController.swift */; };
		AAD44CED1E15E5D4006501DB /* QuoteTableViewCell.swift in Sources */ = {isa = PBXBuildFile; fileRef = AAD44CEC1E15E5D4006501DB /* QuoteTableViewCell.swift */; };
/* End PBXBuildFile section */

/* Begin PBXFileReference section */
		AA9E3F741E163CB600B743B0 /* QOTDViewController.swift */ = {isa = PBXFileReference; fileEncoding = 4; lastKnownFileType = sourcecode.swift; path = QOTDViewController.swift; sourceTree = "<group>"; };
		AAD44CD01E15D620006501DB /* quotr.app */ = {isa = PBXFileReference; explicitFileType = wrapper.application; includeInIndex = 0; path = quotr.app; sourceTree = BUILT_PRODUCTS_DIR; };
		AAD44CD31E15D620006501DB /* AppDelegate.swift */ = {isa = PBXFileReference; lastKnownFileType = sourcecode.swift; path = AppDelegate.swift; sourceTree = "<group>"; };
		AAD44CD81E15D620006501DB /* Base */ = {isa = PBXFileReference; lastKnownFileType = file.storyboard; name = Base; path = Base.lproj/Main.storyboard; sourceTree = "<group>"; };
		AAD44CDA1E15D620006501DB /* Assets.xcassets */ = {isa = PBXFileReference; lastKnownFileType = folder.assetcatalog; path = Assets.xcassets; sourceTree = "<group>"; };
		AAD44CDD1E15D620006501DB /* Base */ = {isa = PBXFileReference; lastKnownFileType = file.storyboard; name = Base; path = Base.lproj/LaunchScreen.storyboard; sourceTree = "<group>"; };
		AAD44CDF1E15D620006501DB /* Info.plist */ = {isa = PBXFileReference; lastKnownFileType = text.plist.xml; path = Info.plist; sourceTree = "<group>"; };
		AAD44CE51E15D72A006501DB /* Quote.swift */ = {isa = PBXFileReference; fileEncoding = 4; lastKnownFileType = sourcecode.swift; path = Quote.swift; sourceTree = "<group>"; };
		AAD44CE91E15E1BD006501DB /* QuotesTableViewController.swift */ = {isa = PBXFileReference; fileEncoding = 4; lastKnownFileType = sourcecode.swift; path = QuotesTableViewController.swift; sourceTree = "<group>"; };
		AAD44CEC1E15E5D4006501DB /* QuoteTableViewCell.swift */ = {isa = PBXFileReference; fileEncoding = 4; lastKnownFileType = sourcecode.swift; path = QuoteTableViewCell.swift; sourceTree = "<group>"; };
/* End PBXFileReference section */

/* Begin PBXFrameworksBuildPhase section */
		AAD44CCD1E15D61F006501DB /* Frameworks */ = {
			isa = PBXFrameworksBuildPhase;
			buildActionMask = 2147483647;
			files = (
			);
			runOnlyForDeploymentPostprocessing = 0;
		};
/* End PBXFrameworksBuildPhase section */

/* Begin PBXGroup section */
		AAD44CC71E15D61F006501DB = {
			isa = PBXGroup;
			children = (
				AAD44CD21E15D620006501DB /* quotr */,
				AAD44CD11E15D620006501DB /* Products */,
			);
			sourceTree = "<group>";
		};
		AAD44CD11E15D620006501DB /* Products */ = {
			isa = PBXGroup;
			children = (
				AAD44CD01E15D620006501DB /* quotr.app */,
			);
			name = Products;
			sourceTree = "<group>";
		};
		AAD44CD21E15D620006501DB /* quotr */ = {
			isa = PBXGroup;
			children = (
				AAD44CD31E15D620006501DB /* AppDelegate.swift */,
				AAD44CEB1E15E256006501DB /* Controller */,
				AAD44CE71E15D72F006501DB /* Model */,
				AAD44CE81E15E1A5006501DB /* View */,
				AAD44CDA1E15D620006501DB /* Assets.xcassets */,
				AAD44CDC1E15D620006501DB /* LaunchScreen.storyboard */,
				AAD44CDF1E15D620006501DB /* Info.plist */,
			);
			path = quotr;
			sourceTree = "<group>";
		};
		AAD44CE71E15D72F006501DB /* Model */ = {
			isa = PBXGroup;
			children = (
				AAD44CE51E15D72A006501DB /* Quote.swift */,
			);
			name = Model;
			sourceTree = "<group>";
		};
		AAD44CE81E15E1A5006501DB /* View */ = {
			isa = PBXGroup;
			children = (
				AAD44CEC1E15E5D4006501DB /* QuoteTableViewCell.swift */,
				AAD44CD71E15D620006501DB /* Main.storyboard */,
			);
			name = View;
			sourceTree = "<group>";
		};
		AAD44CEB1E15E256006501DB /* Controller */ = {
			isa = PBXGroup;
			children = (
				AAD44CE91E15E1BD006501DB /* QuotesTableViewController.swift */,
				AA9E3F741E163CB600B743B0 /* QOTDViewController.swift */,
			);
			name = Controller;
			sourceTree = "<group>";
		};
/* End PBXGroup section */

/* Begin PBXNativeTarget section */
		AAD44CCF1E15D61F006501DB /* quotr */ = {
			isa = PBXNativeTarget;
			buildConfigurationList = AAD44CE21E15D620006501DB /* Build configuration list for PBXNativeTarget "quotr" */;
			buildPhases = (
				AAD44CCC1E15D61F006501DB /* Sources */,
				AAD44CCD1E15D61F006501DB /* Frameworks */,
				AAD44CCE1E15D61F006501DB /* Resources */,
			);
			buildRules = (
			);
			dependencies = (
			);
			name = quotr;
			productName = quotr;
			productReference = AAD44CD01E15D620006501DB /* quotr.app */;
			productType = "com.apple.product-type.application";
		};
/* End PBXNativeTarget section */

/* Begin PBXProject section */
		AAD44CC81E15D61F006501DB /* Project object */ = {
			isa = PBXProject;
			attributes = {
				LastSwiftUpdateCheck = 0820;
				LastUpgradeCheck = 0820;
				ORGANIZATIONNAME = "Henry M Ly";
				TargetAttributes = {
					AAD44CCF1E15D61F006501DB = {
						CreatedOnToolsVersion = 8.2.1;
						DevelopmentTeam = N2MERYPM36;
						ProvisioningStyle = Automatic;
					};
				};
			};
			buildConfigurationList = AAD44CCB1E15D61F006501DB /* Build configuration list for PBXProject "quotr" */;
			compatibilityVersion = "Xcode 3.2";
			developmentRegion = English;
			hasScannedForEncodings = 0;
			knownRegions = (
				en,
				Base,
			);
			mainGroup = AAD44CC71E15D61F006501DB;
			productRefGroup = AAD44CD11E15D620006501DB /* Products */;
			projectDirPath = "";
			projectRoot = "";
			targets = (
				AAD44CCF1E15D61F006501DB /* quotr */,
			);
		};
/* End PBXProject section */

/* Begin PBXResourcesBuildPhase section */
		AAD44CCE1E15D61F006501DB /* Resources */ = {
			isa = PBXResourcesBuildPhase;
			buildActionMask = 2147483647;
			files = (
				AAD44CDE1E15D620006501DB /* LaunchScreen.storyboard in Resources */,
				AAD44CDB1E15D620006501DB /* Assets.xcassets in Resources */,
				AAD44CD91E15D620006501DB /* Main.storyboard in Resources */,
			);
			runOnlyForDeploymentPostprocessing = 0;
		};
/* End PBXResourcesBuildPhase section */

/* Begin PBXSourcesBuildPhase section */
		AAD44CCC1E15D61F006501DB /* Sources */ = {
			isa = PBXSourcesBuildPhase;
			buildActionMask = 2147483647;
			files = (
				AAD44CED1E15E5D4006501DB /* QuoteTableViewCell.swift in Sources */,
				AAD44CE61E15D72A006501DB /* Quote.swift in Sources */,
				AAD44CEA1E15E1BD006501DB /* QuotesTableViewController.swift in Sources */,
				AAD44CD41E15D620006501DB /* AppDelegate.swift in Sources */,
				AA9E3F751E163CB600B743B0 /* QOTDViewController.swift in Sources */,
			);
			runOnlyForDeploymentPostprocessing = 0;
		};
/* End PBXSourcesBuildPhase section */

/* Begin PBXVariantGroup section */
		AAD44CD71E15D620006501DB /* Main.storyboard */ = {
			isa = PBXVariantGroup;
			children = (
				AAD44CD81E15D620006501DB /* Base */,
			);
			name = Main.storyboard;
			sourceTree = "<group>";
		};
		AAD44CDC1E15D620006501DB /* LaunchScreen.storyboard */ = {
			isa = PBXVariantGroup;
			children = (
				AAD44CDD1E15D620006501DB /* Base */,
			);
			name = LaunchScreen.storyboard;
			sourceTree = "<group>";
		};
/* End PBXVariantGroup section */

/* Begin XCBuildConfiguration section */
		AAD44CE01E15D620006501DB /* Debug */ = {
			isa = XCBuildConfiguration;
			buildSettings = {
				ALWAYS_SEARCH_USER_PATHS = NO;
				CLANG_ANALYZER_NONNULL = YES;
				CLANG_CXX_LANGUAGE_STANDARD = "gnu++0x";
				CLANG_CXX_LIBRARY = "libc++";
				CLANG_ENABLE_MODULES = YES;
				CLANG_ENABLE_OBJC_ARC = YES;
				CLANG_WARN_BOOL_CONVERSION = YES;
				CLANG_WARN_CONSTANT_CONVERSION = YES;
				CLANG_WARN_DIRECT_OBJC_ISA_USAGE = YES_ERROR;
				CLANG_WARN_DOCUMENTATION_COMMENTS = YES;
				CLANG_WARN_EMPTY_BODY = YES;
				CLANG_WARN_ENUM_CONVERSION = YES;
				CLANG_WARN_INFINITE_RECURSION = YES;
				CLANG_WARN_INT_CONVERSION = YES;
				CLANG_WARN_OBJC_ROOT_CLASS = YES_ERROR;
				CLANG_WARN_SUSPICIOUS_MOVE = YES;
				CLANG_WARN_UNREACHABLE_CODE = YES;
				CLANG_WARN__DUPLICATE_METHOD_MATCH = YES;
				"CODE_SIGN_IDENTITY[sdk=iphoneos*]" = "iPhone Developer";
				COPY_PHASE_STRIP = NO;
				DEBUG_INFORMATION_FORMAT = dwarf;
				ENABLE_STRICT_OBJC_MSGSEND = YES;
				ENABLE_TESTABILITY = YES;
				GCC_C_LANGUAGE_STANDARD = gnu99;
				GCC_DYNAMIC_NO_PIC = NO;
				GCC_NO_COMMON_BLOCKS = YES;
				GCC_OPTIMIZATION_LEVEL = 0;
				GCC_PREPROCESSOR_DEFINITIONS = (
					"DEBUG=1",
					"$(inherited)",
				);
				GCC_WARN_64_TO_32_BIT_CONVERSION = YES;
				GCC_WARN_ABOUT_RETURN_TYPE = YES_ERROR;
				GCC_WARN_UNDECLARED_SELECTOR = YES;
				GCC_WARN_UNINITIALIZED_AUTOS = YES_AGGRESSIVE;
				GCC_WARN_UNUSED_FUNCTION = YES;
				GCC_WARN_UNUSED_VARIABLE = YES;
				IPHONEOS_DEPLOYMENT_TARGET = 10.2;
				MTL_ENABLE_DEBUG_INFO = YES;
				ONLY_ACTIVE_ARCH = YES;
				SDKROOT = iphoneos;
				SWIFT_ACTIVE_COMPILATION_CONDITIONS = DEBUG;
				SWIFT_OPTIMIZATION_LEVEL = "-Onone";
			};
			name = Debug;
		};
		AAD44CE11E15D620006501DB /* Release */ = {
			isa = XCBuildConfiguration;
			buildSettings = {
				ALWAYS_SEARCH_USER_PATHS = NO;
				CLANG_ANALYZER_NONNULL = YES;
				CLANG_CXX_LANGUAGE_STANDARD = "gnu++0x";
				CLANG_CXX_LIBRARY = "libc++";
				CLANG_ENABLE_MODULES = YES;
				CLANG_ENABLE_OBJC_ARC = YES;
				CLANG_WARN_BOOL_CONVERSION = YES;
				CLANG_WARN_CONSTANT_CONVERSION = YES;
				CLANG_WARN_DIRECT_OBJC_ISA_USAGE = YES_ERROR;
				CLANG_WARN_DOCUMENTATION_COMMENTS = YES;
				CLANG_WARN_EMPTY_BODY = YES;
				CLANG_WARN_ENUM_CONVERSION = YES;
				CLANG_WARN_INFINITE_RECURSION = YES;
				CLANG_WARN_INT_CONVERSION = YES;
				CLANG_WARN_OBJC_ROOT_CLASS = YES_ERROR;
				CLANG_WARN_SUSPICIOUS_MOVE = YES;
				CLANG_WARN_UNREACHABLE_CODE = YES;
				CLANG_WARN__DUPLICATE_METHOD_MATCH = YES;
				"CODE_SIGN_IDENTITY[sdk=iphoneos*]" = "iPhone Developer";
				COPY_PHASE_STRIP = NO;
				DEBUG_INFORMATION_FORMAT = "dwarf-with-dsym";
				ENABLE_NS_ASSERTIONS = NO;
				ENABLE_STRICT_OBJC_MSGSEND = YES;
				GCC_C_LANGUAGE_STANDARD = gnu99;
				GCC_NO_COMMON_BLOCKS = YES;
				GCC_WARN_64_TO_32_BIT_CONVERSION = YES;
				GCC_WARN_ABOUT_RETURN_TYPE = YES_ERROR;
				GCC_WARN_UNDECLARED_SELECTOR = YES;
				GCC_WARN_UNINITIALIZED_AUTOS = YES_AGGRESSIVE;
				GCC_WARN_UNUSED_FUNCTION = YES;
				GCC_WARN_UNUSED_VARIABLE = YES;
				IPHONEOS_DEPLOYMENT_TARGET = 10.2;
				MTL_ENABLE_DEBUG_INFO = NO;
				SDKROOT = iphoneos;
				SWIFT_OPTIMIZATION_LEVEL = "-Owholemodule";
				VALIDATE_PRODUCT = YES;
			};
			name = Release;
		};
		AAD44CE31E15D620006501DB /* Debug */ = {
			isa = XCBuildConfiguration;
			buildSettings = {
				ASSETCATALOG_COMPILER_APPICON_NAME = AppIcon;
				DEVELOPMENT_TEAM = N2MERYPM36;
				INFOPLIST_FILE = quotr/Info.plist;
				IPHONEOS_DEPLOYMENT_TARGET = 10.0;
				LD_RUNPATH_SEARCH_PATHS = "$(inherited) @executable_path/Frameworks";
				PRODUCT_BUNDLE_IDENTIFIER = com.henrymly.quotr;
				PRODUCT_NAME = "$(TARGET_NAME)";
				SWIFT_VERSION = 3.0;
			};
			name = Debug;
		};
		AAD44CE41E15D620006501DB /* Release */ = {
			isa = XCBuildConfiguration;
			buildSettings = {
				ASSETCATALOG_COMPILER_APPICON_NAME = AppIcon;
				DEVELOPMENT_TEAM = N2MERYPM36;
				INFOPLIST_FILE = quotr/Info.plist;
				IPHONEOS_DEPLOYMENT_TARGET = 10.0;
				LD_RUNPATH_SEARCH_PATHS = "$(inherited) @executable_path/Frameworks";
				PRODUCT_BUNDLE_IDENTIFIER = com.henrymly.quotr;
				PRODUCT_NAME = "$(TARGET_NAME)";
				SWIFT_VERSION = 3.0;
			};
			name = Release;
		};
/* End XCBuildConfiguration section */

/* Begin XCConfigurationList section */
		AAD44CCB1E15D61F006501DB /* Build configuration list for PBXProject "quotr" */ = {
			isa = XCConfigurationList;
			buildConfigurations = (
				AAD44CE01E15D620006501DB /* Debug */,
				AAD44CE11E15D620006501DB /* Release */,
			);
			defaultConfigurationIsVisible = 0;
			defaultConfigurationName = Release;
		};
		AAD44CE21E15D620006501DB /* Build configuration list for PBXNativeTarget "quotr" */ = {
			isa = XCConfigurationList;
			buildConfigurations = (
				AAD44CE31E15D620006501DB /* Debug */,
				AAD44CE41E15D620006501DB /* Release */,
			);
			defaultConfigurationIsVisible = 0;
			defaultConfigurationName = Release;
		};
/* End XCConfigurationList section */
	};
	rootObject = AAD44CC81E15D61F006501DB /* Project object */;
}
